
Microsoft Visual Studio Solution File, Format Version 12.00
# Visual Studio Version 16
VisualStudioVersion = 16.0.31729.503
MinimumVisualStudioVersion = 10.0.40219.1
Project("{FAE04EC0-301F-11D3-BF4B-00C04F79EFBC}") = "BL", "BL\BL.csproj", "{B700BA15-EA70-40C6-892D-641C42295540}"
EndProject
Project("{FAE04EC0-301F-11D3-BF4B-00C04F79EFBC}") = "DL", "DL\DL.csproj", "{FA99F898-4DE4-4F36-8A04-4EAD7D6F331E}"
EndProject
Project("{FAE04EC0-301F-11D3-BF4B-00C04F79EFBC}") = "ML", "ML\ML.csproj", "{5ED89B43-0345-4028-84CB-F1E931EE227E}"
EndProject
Project("{FAE04EC0-301F-11D3-BF4B-00C04F79EFBC}") = "PL", "PL\PL.csproj", "{30165EDA-600B-440B-AD29-4E316B802EA9}"
EndProject
Project("{FAE04EC0-301F-11D3-BF4B-00C04F79EFBC}") = "DL_EF", "DL_EF\DL_EF.csproj", "{F7000644-D50A-46DF-A5D9-70F9F9DAC79F}"
EndProject
Project("{FAE04EC0-301F-11D3-BF4B-00C04F79EFBC}") = "PL_MVC", "PL_MVC\PL_MVC.csproj", "{ED995828-6537-4587-85CA-24F26EB5BB70}"
EndProject
Global
	GlobalSection(SolutionConfigurationPlatforms) = preSolution
		Debug|Any CPU = Debug|Any CPU
		Release|Any CPU = Release|Any CPU
	EndGlobalSection
	GlobalSection(ProjectConfigurationPlatforms) = postSolution
		{B700BA15-EA70-40C6-892D-641C42295540}.Debug|Any CPU.ActiveCfg = Debug|Any CPU
		{B700BA15-EA70-40C6-892D-641C42295540}.Debug|Any CPU.Build.0 = Debug|Any CPU
		{B700BA15-EA70-40C6-892D-641C42295540}.Release|Any CPU.ActiveCfg = Release|Any CPU
		{B700BA15-EA70-40C6-892D-641C42295540}.Release|Any CPU.Build.0 = Release|Any CPU
		{FA99F898-4DE4-4F36-8A04-4EAD7D6F331E}.Debug|Any CPU.ActiveCfg = Debug|Any CPU
		{FA99F898-4DE4-4F36-8A04-4EAD7D6F331E}.Debug|Any CPU.Build.0 = Debug|Any CPU
		{FA99F898-4DE4-4F36-8A04-4EAD7D6F331E}.Release|Any CPU.ActiveCfg = Release|Any CPU
		{FA99F898-4DE4-4F36-8A04-4EAD7D6F331E}.Release|Any CPU.Build.0 = Release|Any CPU
		{5ED89B43-0345-4028-84CB-F1E931EE227E}.Debug|Any CPU.ActiveCfg = Debug|Any CPU
		{5ED89B43-0345-4028-84CB-F1E931EE227E}.Debug|Any CPU.Build.0 = Debug|Any CPU
		{5ED89B43-0345-4028-84CB-F1E931EE227E}.Release|Any CPU.ActiveCfg = Release|Any CPU
		{5ED89B43-0345-4028-84CB-F1E931EE227E}.Release|Any CPU.Build.0 = Release|Any CPU
		{30165EDA-600B-440B-AD29-4E316B802EA9}.Debug|Any CPU.ActiveCfg = Debug|Any CPU
		{30165EDA-600B-440B-AD29-4E316B802EA9}.Debug|Any CPU.Build.0 = Debug|Any CPU
		{30165EDA-600B-440B-AD29-4E316B802EA9}.Release|Any CPU.ActiveCfg = Release|Any CPU
		{30165EDA-600B-440B-AD29-4E316B802EA9}.Release|Any CPU.Build.0 = Release|Any CPU
		{F7000644-D50A-46DF-A5D9-70F9F9DAC79F}.Debug|Any CPU.ActiveCfg = Debug|Any CPU
		{F7000644-D50A-46DF-A5D9-70F9F9DAC79F}.Debug|Any CPU.Build.0 = Debug|Any CPU
		{F7000644-D50A-46DF-A5D9-70F9F9DAC79F}.Release|Any CPU.ActiveCfg = Release|Any CPU
		{F7000644-D50A-46DF-A5D9-70F9F9DAC79F}.Release|Any CPU.Build.0 = Release|Any CPU
		{ED995828-6537-4587-85CA-24F26EB5BB70}.Debug|Any CPU.ActiveCfg = Debug|Any CPU
		{ED995828-6537-4587-85CA-24F26EB5BB70}.Debug|Any CPU.Build.0 = Debug|Any CPU
		{ED995828-6537-4587-85CA-24F26EB5BB70}.Release|Any CPU.ActiveCfg = Release|Any CPU
		{ED995828-6537-4587-85CA-24F26EB5BB70}.Release|Any CPU.Build.0 = Release|Any CPU
	EndGlobalSection
	GlobalSection(SolutionProperties) = preSolution
		HideSolutionNode = FALSE
	EndGlobalSection
	GlobalSection(ExtensibilityGlobals) = postSolution
		SolutionGuid = {989CDB8B-F814-43AB-BF55-FF7FB503CF79}
	EndGlobalSection
EndGlobal
